
Microsoft Visual Studio Solution File, Format Version 12.00
# Visual Studio Version 17
VisualStudioVersion = 17.3.32922.545
MinimumVisualStudioVersion = 10.0.40219.1
Project("{9A19103F-16F7-4668-BE54-9A1E7A4F7556}") = "Labb3", "Labb3\Labb3.csproj", "{B8090A10-6025-4101-AFE5-10B335BCB4CE}"
EndProject
Project("{9A19103F-16F7-4668-BE54-9A1E7A4F7556}") = "ClassLibrary1", "ClassLibrary1\ClassLibrary1.csproj", "{1BC30B96-4EDF-4CDE-858A-8B312E1695BF}"
EndProject
Project("{FAE04EC0-301F-11D3-BF4B-00C04F79EFBC}") = "Translator v1.0", "Translator v1.0\Translator v1.0.csproj", "{421C3E88-B6BF-4F1E-B218-8F0E3FD2152B}"
EndProject
Global
	GlobalSection(SolutionConfigurationPlatforms) = preSolution
		Debug|Any CPU = Debug|Any CPU
		Release|Any CPU = Release|Any CPU
	EndGlobalSection
	GlobalSection(ProjectConfigurationPlatforms) = postSolution
		{B8090A10-6025-4101-AFE5-10B335BCB4CE}.Debug|Any CPU.ActiveCfg = Debug|Any CPU
		{B8090A10-6025-4101-AFE5-10B335BCB4CE}.Debug|Any CPU.Build.0 = Debug|Any CPU
		{B8090A10-6025-4101-AFE5-10B335BCB4CE}.Release|Any CPU.ActiveCfg = Release|Any CPU
		{B8090A10-6025-4101-AFE5-10B335BCB4CE}.Release|Any CPU.Build.0 = Release|Any CPU
		{1BC30B96-4EDF-4CDE-858A-8B312E1695BF}.Debug|Any CPU.ActiveCfg = Debug|Any CPU
		{1BC30B96-4EDF-4CDE-858A-8B312E1695BF}.Debug|Any CPU.Build.0 = Debug|Any CPU
		{1BC30B96-4EDF-4CDE-858A-8B312E1695BF}.Release|Any CPU.ActiveCfg = Release|Any CPU
		{1BC30B96-4EDF-4CDE-858A-8B312E1695BF}.Release|Any CPU.Build.0 = Release|Any CPU
		{421C3E88-B6BF-4F1E-B218-8F0E3FD2152B}.Debug|Any CPU.ActiveCfg = Debug|Any CPU
		{421C3E88-B6BF-4F1E-B218-8F0E3FD2152B}.Debug|Any CPU.Build.0 = Debug|Any CPU
		{421C3E88-B6BF-4F1E-B218-8F0E3FD2152B}.Release|Any CPU.ActiveCfg = Release|Any CPU
		{421C3E88-B6BF-4F1E-B218-8F0E3FD2152B}.Release|Any CPU.Build.0 = Release|Any CPU
	EndGlobalSection
	GlobalSection(SolutionProperties) = preSolution
		HideSolutionNode = FALSE
	EndGlobalSection
	GlobalSection(ExtensibilityGlobals) = postSolution
		SolutionGuid = {BB43FB6B-5C95-40C2-84CD-E47C1F44EC05}
	EndGlobalSection
EndGlobal
